
Microsoft Visual Studio Solution File, Format Version 12.00
# Visual Studio 15
Project("{FAE04EC0-301F-11D3-BF4B-00C04F79EFBC}") = "spine-unity", "spine-unity.csproj", "{20EC50ED-F825-E010-2626-9D492FA28221}"
EndProject
Project("{FAE04EC0-301F-11D3-BF4B-00C04F79EFBC}") = "Assembly-CSharp", "Assembly-CSharp.csproj", "{A5272296-03D0-1646-EF19-FA79E0048654}"
EndProject
Project("{FAE04EC0-301F-11D3-BF4B-00C04F79EFBC}") = "spine-unity-editor", "spine-unity-editor.csproj", "{40518DBA-D9C1-2C39-420A-A8821D7771A7}"
EndProject
Global
	GlobalSection(SolutionConfigurationPlatforms) = preSolution
		Debug|Any CPU = Debug|Any CPU
		Release|Any CPU = Release|Any CPU
	EndGlobalSection
	GlobalSection(ProjectConfigurationPlatforms) = postSolution
		{20EC50ED-F825-E010-2626-9D492FA28221}.Debug|Any CPU.ActiveCfg = Debug|Any CPU
		{20EC50ED-F825-E010-2626-9D492FA28221}.Debug|Any CPU.Build.0 = Debug|Any CPU
		{20EC50ED-F825-E010-2626-9D492FA28221}.Release|Any CPU.ActiveCfg = Release|Any CPU
		{20EC50ED-F825-E010-2626-9D492FA28221}.Release|Any CPU.Build.0 = Release|Any CPU
		{A5272296-03D0-1646-EF19-FA79E0048654}.Debug|Any CPU.ActiveCfg = Debug|Any CPU
		{A5272296-03D0-1646-EF19-FA79E0048654}.Debug|Any CPU.Build.0 = Debug|Any CPU
		{A5272296-03D0-1646-EF19-FA79E0048654}.Release|Any CPU.ActiveCfg = Release|Any CPU
		{A5272296-03D0-1646-EF19-FA79E0048654}.Release|Any CPU.Build.0 = Release|Any CPU
		{40518DBA-D9C1-2C39-420A-A8821D7771A7}.Debug|Any CPU.ActiveCfg = Debug|Any CPU
		{40518DBA-D9C1-2C39-420A-A8821D7771A7}.Debug|Any CPU.Build.0 = Debug|Any CPU
		{40518DBA-D9C1-2C39-420A-A8821D7771A7}.Release|Any CPU.ActiveCfg = Release|Any CPU
		{40518DBA-D9C1-2C39-420A-A8821D7771A7}.Release|Any CPU.Build.0 = Release|Any CPU
	EndGlobalSection
	GlobalSection(SolutionProperties) = preSolution
		HideSolutionNode = FALSE
	EndGlobalSection
EndGlobal
